
Microsoft Visual Studio Solution File, Format Version 12.00
# Visual Studio Version 17
VisualStudioVersion = 17.3.32819.101
MinimumVisualStudioVersion = 10.0.40219.1
Project("{2150E333-8FDC-42A3-9474-1A3956D46DE8}") = "Catalog", "Catalog", "{363737DB-F24F-4EE2-B3ED-C0BEE02C942A}"
EndProject
Project("{9A19103F-16F7-4668-BE54-9A1E7A4F7556}") = "Catalog.Host", "Catalog\Catalog.Host\Catalog.Host.csproj", "{950CED95-0B23-423F-BAA8-0C702FC11DAE}"
EndProject
Project("{2150E333-8FDC-42A3-9474-1A3956D46DE8}") = "IdentityServer", "IdentityServer", "{330C2316-0248-44C5-AD2E-102F64108E5B}"
EndProject
Project("{2150E333-8FDC-42A3-9474-1A3956D46DE8}") = "Infrastructure", "Infrastructure", "{4090CA3A-3D1B-4360-97EB-3AD1E92A09B7}"
EndProject
Project("{9A19103F-16F7-4668-BE54-9A1E7A4F7556}") = "Infrastructure", "Infrastructure\Infrastructure\Infrastructure.csproj", "{8BE67AD2-B02F-41DA-81E8-5A13B46535E7}"
EndProject
Project("{9A19103F-16F7-4668-BE54-9A1E7A4F7556}") = "Infrastructure.UnitTests", "Infrastructure\Infrastructure.UnitTests\Infrastructure.UnitTests.csproj", "{7449B802-36E0-4D81-AE9F-55F9F398BC9B}"
EndProject
Project("{9A19103F-16F7-4668-BE54-9A1E7A4F7556}") = "IdentityServer", "IdentityServer\IdentityServer\IdentityServer.csproj", "{B7BBB40D-8A26-4961-B906-BB24CAC46EA5}"
EndProject
Project("{2150E333-8FDC-42A3-9474-1A3956D46DE8}") = "Solution Items", "Solution Items", "{496BF649-3D4E-40FA-88CC-4675349BDB84}"
	ProjectSection(SolutionItems) = preProject
		.dockerignore = .dockerignore
		docker-compose.yml = docker-compose.yml
		settings.ruleset = settings.ruleset
	EndProjectSection
EndProject
Project("{9A19103F-16F7-4668-BE54-9A1E7A4F7556}") = "Catalog.UnitTests", "Catalog\Catalog.UnitTests\Catalog.UnitTests.csproj", "{9CC7B662-702E-4FEC-9D09-31810E97779A}"
EndProject
Project("{2150E333-8FDC-42A3-9474-1A3956D46DE8}") = "Basket", "Basket", "{DADA4F97-40C6-4608-9D53-C7D12EFAEDD8}"
EndProject
Project("{9A19103F-16F7-4668-BE54-9A1E7A4F7556}") = "Basket.Host", "Basket\Basket.Host\Basket.Host.csproj", "{E116C508-6C37-453F-AF24-25D532556DB2}"
EndProject
Project("{9A19103F-16F7-4668-BE54-9A1E7A4F7556}") = "Basket.UnitTests", "Basket\Basket.UnitTests\Basket.UnitTests.csproj", "{7535ABDF-6F7C-423F-8545-933BFFCE3A8A}"
EndProject
Project("{2150E333-8FDC-42A3-9474-1A3956D46DE8}") = "Web", "Web", "{AF186043-C2A3-4171-9982-3452CA5F6D3C}"
EndProject
Project("{9A19103F-16F7-4668-BE54-9A1E7A4F7556}") = "MVC", "Web\MVC\MVC.csproj", "{1F8D94DA-AC0A-4CB9-9098-2C540801ABB2}"
EndProject
Project("{2150E333-8FDC-42A3-9474-1A3956D46DE8}") = "Order", "Order", "{A782AA89-7168-472D-BF97-A18744D00685}"
EndProject
Project("{FAE04EC0-301F-11D3-BF4B-00C04F79EFBC}") = "Order.Host", "Order\Order.Host\Order.Host.csproj", "{253E712D-635D-44AF-A63D-5BD727C26A28}"
EndProject
Global
	GlobalSection(SolutionConfigurationPlatforms) = preSolution
		Debug|Any CPU = Debug|Any CPU
		Release|Any CPU = Release|Any CPU
	EndGlobalSection
	GlobalSection(ProjectConfigurationPlatforms) = postSolution
		{950CED95-0B23-423F-BAA8-0C702FC11DAE}.Debug|Any CPU.ActiveCfg = Debug|Any CPU
		{950CED95-0B23-423F-BAA8-0C702FC11DAE}.Debug|Any CPU.Build.0 = Debug|Any CPU
		{950CED95-0B23-423F-BAA8-0C702FC11DAE}.Release|Any CPU.ActiveCfg = Release|Any CPU
		{950CED95-0B23-423F-BAA8-0C702FC11DAE}.Release|Any CPU.Build.0 = Release|Any CPU
		{8BE67AD2-B02F-41DA-81E8-5A13B46535E7}.Debug|Any CPU.ActiveCfg = Debug|Any CPU
		{8BE67AD2-B02F-41DA-81E8-5A13B46535E7}.Debug|Any CPU.Build.0 = Debug|Any CPU
		{8BE67AD2-B02F-41DA-81E8-5A13B46535E7}.Release|Any CPU.ActiveCfg = Release|Any CPU
		{8BE67AD2-B02F-41DA-81E8-5A13B46535E7}.Release|Any CPU.Build.0 = Release|Any CPU
		{7449B802-36E0-4D81-AE9F-55F9F398BC9B}.Debug|Any CPU.ActiveCfg = Debug|Any CPU
		{7449B802-36E0-4D81-AE9F-55F9F398BC9B}.Debug|Any CPU.Build.0 = Debug|Any CPU
		{7449B802-36E0-4D81-AE9F-55F9F398BC9B}.Release|Any CPU.ActiveCfg = Release|Any CPU
		{7449B802-36E0-4D81-AE9F-55F9F398BC9B}.Release|Any CPU.Build.0 = Release|Any CPU
		{B7BBB40D-8A26-4961-B906-BB24CAC46EA5}.Debug|Any CPU.ActiveCfg = Debug|Any CPU
		{B7BBB40D-8A26-4961-B906-BB24CAC46EA5}.Debug|Any CPU.Build.0 = Debug|Any CPU
		{B7BBB40D-8A26-4961-B906-BB24CAC46EA5}.Release|Any CPU.ActiveCfg = Release|Any CPU
		{B7BBB40D-8A26-4961-B906-BB24CAC46EA5}.Release|Any CPU.Build.0 = Release|Any CPU
		{9CC7B662-702E-4FEC-9D09-31810E97779A}.Debug|Any CPU.ActiveCfg = Debug|Any CPU
		{9CC7B662-702E-4FEC-9D09-31810E97779A}.Debug|Any CPU.Build.0 = Debug|Any CPU
		{9CC7B662-702E-4FEC-9D09-31810E97779A}.Release|Any CPU.ActiveCfg = Release|Any CPU
		{9CC7B662-702E-4FEC-9D09-31810E97779A}.Release|Any CPU.Build.0 = Release|Any CPU
		{E116C508-6C37-453F-AF24-25D532556DB2}.Debug|Any CPU.ActiveCfg = Debug|Any CPU
		{E116C508-6C37-453F-AF24-25D532556DB2}.Debug|Any CPU.Build.0 = Debug|Any CPU
		{E116C508-6C37-453F-AF24-25D532556DB2}.Release|Any CPU.ActiveCfg = Release|Any CPU
		{E116C508-6C37-453F-AF24-25D532556DB2}.Release|Any CPU.Build.0 = Release|Any CPU
		{7535ABDF-6F7C-423F-8545-933BFFCE3A8A}.Debug|Any CPU.ActiveCfg = Debug|Any CPU
		{7535ABDF-6F7C-423F-8545-933BFFCE3A8A}.Debug|Any CPU.Build.0 = Debug|Any CPU
		{7535ABDF-6F7C-423F-8545-933BFFCE3A8A}.Release|Any CPU.ActiveCfg = Release|Any CPU
		{7535ABDF-6F7C-423F-8545-933BFFCE3A8A}.Release|Any CPU.Build.0 = Release|Any CPU
		{1F8D94DA-AC0A-4CB9-9098-2C540801ABB2}.Debug|Any CPU.ActiveCfg = Debug|Any CPU
		{1F8D94DA-AC0A-4CB9-9098-2C540801ABB2}.Debug|Any CPU.Build.0 = Debug|Any CPU
		{1F8D94DA-AC0A-4CB9-9098-2C540801ABB2}.Release|Any CPU.ActiveCfg = Release|Any CPU
		{1F8D94DA-AC0A-4CB9-9098-2C540801ABB2}.Release|Any CPU.Build.0 = Release|Any CPU
		{253E712D-635D-44AF-A63D-5BD727C26A28}.Debug|Any CPU.ActiveCfg = Debug|Any CPU
		{253E712D-635D-44AF-A63D-5BD727C26A28}.Debug|Any CPU.Build.0 = Debug|Any CPU
		{253E712D-635D-44AF-A63D-5BD727C26A28}.Release|Any CPU.ActiveCfg = Release|Any CPU
		{253E712D-635D-44AF-A63D-5BD727C26A28}.Release|Any CPU.Build.0 = Release|Any CPU
	EndGlobalSection
	GlobalSection(SolutionProperties) = preSolution
		HideSolutionNode = FALSE
	EndGlobalSection
	GlobalSection(NestedProjects) = preSolution
		{950CED95-0B23-423F-BAA8-0C702FC11DAE} = {363737DB-F24F-4EE2-B3ED-C0BEE02C942A}
		{8BE67AD2-B02F-41DA-81E8-5A13B46535E7} = {4090CA3A-3D1B-4360-97EB-3AD1E92A09B7}
		{7449B802-36E0-4D81-AE9F-55F9F398BC9B} = {4090CA3A-3D1B-4360-97EB-3AD1E92A09B7}
		{B7BBB40D-8A26-4961-B906-BB24CAC46EA5} = {330C2316-0248-44C5-AD2E-102F64108E5B}
		{9CC7B662-702E-4FEC-9D09-31810E97779A} = {363737DB-F24F-4EE2-B3ED-C0BEE02C942A}
		{E116C508-6C37-453F-AF24-25D532556DB2} = {DADA4F97-40C6-4608-9D53-C7D12EFAEDD8}
		{7535ABDF-6F7C-423F-8545-933BFFCE3A8A} = {DADA4F97-40C6-4608-9D53-C7D12EFAEDD8}
		{1F8D94DA-AC0A-4CB9-9098-2C540801ABB2} = {AF186043-C2A3-4171-9982-3452CA5F6D3C}
		{253E712D-635D-44AF-A63D-5BD727C26A28} = {A782AA89-7168-472D-BF97-A18744D00685}
	EndGlobalSection
	GlobalSection(ExtensibilityGlobals) = postSolution
		SolutionGuid = {1007B9B1-24FD-41B6-B322-EFB5B5AA5E69}
	EndGlobalSection
EndGlobal
